
Microsoft Visual Studio Solution File, Format Version 12.00
# Visual Studio Version 17
VisualStudioVersion = 17.0.31903.59
MinimumVisualStudioVersion = 10.0.40219.1
Project("{2150E333-8FDC-42A3-9474-1A3956D46DE8}") = "src", "src", "{827E0CD3-B72D-47B6-A68D-7590B98EB39B}"
EndProject
Project("{2150E333-8FDC-42A3-9474-1A3956D46DE8}") = "Core", "Core", "{8D626EA8-CB54-BC41-363A-217881BEBA6E}"
EndProject
Project("{FAE04EC0-301F-11D3-BF4B-00C04F79EFBC}") = "CourseNet.Academic.Core", "src\Core\CourseNet.Academic.Core\CourseNet.Academic.Core.csproj", "{5BF9793C-224B-4B6B-9449-32D998623100}"
EndProject
Project("{2150E333-8FDC-42A3-9474-1A3956D46DE8}") = "Adapters", "Adapters", "{3E9C3776-17C9-28DE-3735-A8B9F121C183}"
EndProject
Project("{2150E333-8FDC-42A3-9474-1A3956D46DE8}") = "Driving", "Driving", "{0B2F2E6B-075E-5F2A-185F-71E23A208F9B}"
EndProject
Project("{FAE04EC0-301F-11D3-BF4B-00C04F79EFBC}") = "CourseNet.Academic.Adapter.Driving.Api", "src\Adapters\Driving\CourseNet.Academic.Adapter.Driving.Api\CourseNet.Academic.Adapter.Driving.Api.csproj", "{C99B9793-5A03-4DA7-BD96-8B99B9CBEA0A}"
EndProject
Project("{FAE04EC0-301F-11D3-BF4B-00C04F79EFBC}") = "CourseNet.Academic.Adapter.Driven.Persistence", "src\Adapters\Driven\CourseNet.Academic.Adapter.Driven.Persistence\CourseNet.Academic.Adapter.Driven.Persistence.csproj", "{137BE21B-E901-49F3-B645-DDE42730CA84}"
EndProject
Project("{FAE04EC0-301F-11D3-BF4B-00C04F79EFBC}") = "CourseNet.Academic.Adapter.Driven.Auth", "src\Adapters\Driven\CourseNet.Academic.Adapter.Driven.Auth\CourseNet.Academic.Adapter.Driven.Auth.csproj", "{601B0C70-EB9B-40CF-AB06-02524BE062AD}"
EndProject
Global
	GlobalSection(SolutionConfigurationPlatforms) = preSolution
		Debug|Any CPU = Debug|Any CPU
		Debug|x64 = Debug|x64
		Debug|x86 = Debug|x86
		Release|Any CPU = Release|Any CPU
		Release|x64 = Release|x64
		Release|x86 = Release|x86
	EndGlobalSection
	GlobalSection(ProjectConfigurationPlatforms) = postSolution
		{5BF9793C-224B-4B6B-9449-32D998623100}.Debug|Any CPU.ActiveCfg = Debug|Any CPU
		{5BF9793C-224B-4B6B-9449-32D998623100}.Debug|Any CPU.Build.0 = Debug|Any CPU
		{5BF9793C-224B-4B6B-9449-32D998623100}.Debug|x64.ActiveCfg = Debug|Any CPU
		{5BF9793C-224B-4B6B-9449-32D998623100}.Debug|x64.Build.0 = Debug|Any CPU
		{5BF9793C-224B-4B6B-9449-32D998623100}.Debug|x86.ActiveCfg = Debug|Any CPU
		{5BF9793C-224B-4B6B-9449-32D998623100}.Debug|x86.Build.0 = Debug|Any CPU
		{5BF9793C-224B-4B6B-9449-32D998623100}.Release|Any CPU.ActiveCfg = Release|Any CPU
		{5BF9793C-224B-4B6B-9449-32D998623100}.Release|Any CPU.Build.0 = Release|Any CPU
		{5BF9793C-224B-4B6B-9449-32D998623100}.Release|x64.ActiveCfg = Release|Any CPU
		{5BF9793C-224B-4B6B-9449-32D998623100}.Release|x64.Build.0 = Release|Any CPU
		{5BF9793C-224B-4B6B-9449-32D998623100}.Release|x86.ActiveCfg = Release|Any CPU
		{5BF9793C-224B-4B6B-9449-32D998623100}.Release|x86.Build.0 = Release|Any CPU
		{C99B9793-5A03-4DA7-BD96-8B99B9CBEA0A}.Debug|Any CPU.ActiveCfg = Debug|Any CPU
		{C99B9793-5A03-4DA7-BD96-8B99B9CBEA0A}.Debug|Any CPU.Build.0 = Debug|Any CPU
		{C99B9793-5A03-4DA7-BD96-8B99B9CBEA0A}.Debug|x64.ActiveCfg = Debug|Any CPU
		{C99B9793-5A03-4DA7-BD96-8B99B9CBEA0A}.Debug|x64.Build.0 = Debug|Any CPU
		{C99B9793-5A03-4DA7-BD96-8B99B9CBEA0A}.Debug|x86.ActiveCfg = Debug|Any CPU
		{C99B9793-5A03-4DA7-BD96-8B99B9CBEA0A}.Debug|x86.Build.0 = Debug|Any CPU
		{C99B9793-5A03-4DA7-BD96-8B99B9CBEA0A}.Release|Any CPU.ActiveCfg = Release|Any CPU
		{C99B9793-5A03-4DA7-BD96-8B99B9CBEA0A}.Release|Any CPU.Build.0 = Release|Any CPU
		{C99B9793-5A03-4DA7-BD96-8B99B9CBEA0A}.Release|x64.ActiveCfg = Release|Any CPU
		{C99B9793-5A03-4DA7-BD96-8B99B9CBEA0A}.Release|x64.Build.0 = Release|Any CPU
		{C99B9793-5A03-4DA7-BD96-8B99B9CBEA0A}.Release|x86.ActiveCfg = Release|Any CPU
		{C99B9793-5A03-4DA7-BD96-8B99B9CBEA0A}.Release|x86.Build.0 = Release|Any CPU
		{137BE21B-E901-49F3-B645-DDE42730CA84}.Debug|Any CPU.ActiveCfg = Debug|Any CPU
		{137BE21B-E901-49F3-B645-DDE42730CA84}.Debug|Any CPU.Build.0 = Debug|Any CPU
		{137BE21B-E901-49F3-B645-DDE42730CA84}.Debug|x64.ActiveCfg = Debug|Any CPU
		{137BE21B-E901-49F3-B645-DDE42730CA84}.Debug|x64.Build.0 = Debug|Any CPU
		{137BE21B-E901-49F3-B645-DDE42730CA84}.Debug|x86.ActiveCfg = Debug|Any CPU
		{137BE21B-E901-49F3-B645-DDE42730CA84}.Debug|x86.Build.0 = Debug|Any CPU
		{137BE21B-E901-49F3-B645-DDE42730CA84}.Release|Any CPU.ActiveCfg = Release|Any CPU
		{137BE21B-E901-49F3-B645-DDE42730CA84}.Release|Any CPU.Build.0 = Release|Any CPU
		{137BE21B-E901-49F3-B645-DDE42730CA84}.Release|x64.ActiveCfg = Release|Any CPU
		{137BE21B-E901-49F3-B645-DDE42730CA84}.Release|x64.Build.0 = Release|Any CPU
		{137BE21B-E901-49F3-B645-DDE42730CA84}.Release|x86.ActiveCfg = Release|Any CPU
		{137BE21B-E901-49F3-B645-DDE42730CA84}.Release|x86.Build.0 = Release|Any CPU
		{601B0C70-EB9B-40CF-AB06-02524BE062AD}.Debug|Any CPU.ActiveCfg = Debug|Any CPU
		{601B0C70-EB9B-40CF-AB06-02524BE062AD}.Debug|Any CPU.Build.0 = Debug|Any CPU
		{601B0C70-EB9B-40CF-AB06-02524BE062AD}.Debug|x64.ActiveCfg = Debug|Any CPU
		{601B0C70-EB9B-40CF-AB06-02524BE062AD}.Debug|x64.Build.0 = Debug|Any CPU
		{601B0C70-EB9B-40CF-AB06-02524BE062AD}.Debug|x86.ActiveCfg = Debug|Any CPU
		{601B0C70-EB9B-40CF-AB06-02524BE062AD}.Debug|x86.Build.0 = Debug|Any CPU
		{601B0C70-EB9B-40CF-AB06-02524BE062AD}.Release|Any CPU.ActiveCfg = Release|Any CPU
		{601B0C70-EB9B-40CF-AB06-02524BE062AD}.Release|Any CPU.Build.0 = Release|Any CPU
		{601B0C70-EB9B-40CF-AB06-02524BE062AD}.Release|x64.ActiveCfg = Release|Any CPU
		{601B0C70-EB9B-40CF-AB06-02524BE062AD}.Release|x64.Build.0 = Release|Any CPU
		{601B0C70-EB9B-40CF-AB06-02524BE062AD}.Release|x86.ActiveCfg = Release|Any CPU
		{601B0C70-EB9B-40CF-AB06-02524BE062AD}.Release|x86.Build.0 = Release|Any CPU
	EndGlobalSection
	GlobalSection(SolutionProperties) = preSolution
		HideSolutionNode = FALSE
	EndGlobalSection
	GlobalSection(NestedProjects) = preSolution
		{8D626EA8-CB54-BC41-363A-217881BEBA6E} = {827E0CD3-B72D-47B6-A68D-7590B98EB39B}
		{5BF9793C-224B-4B6B-9449-32D998623100} = {8D626EA8-CB54-BC41-363A-217881BEBA6E}
		{3E9C3776-17C9-28DE-3735-A8B9F121C183} = {827E0CD3-B72D-47B6-A68D-7590B98EB39B}
		{0B2F2E6B-075E-5F2A-185F-71E23A208F9B} = {3E9C3776-17C9-28DE-3735-A8B9F121C183}
		{C99B9793-5A03-4DA7-BD96-8B99B9CBEA0A} = {0B2F2E6B-075E-5F2A-185F-71E23A208F9B}
		{137BE21B-E901-49F3-B645-DDE42730CA84} = {0B2F2E6B-075E-5F2A-185F-71E23A208F9B}
		{601B0C70-EB9B-40CF-AB06-02524BE062AD} = {0B2F2E6B-075E-5F2A-185F-71E23A208F9B}
	EndGlobalSection
EndGlobal
